
Microsoft Visual Studio Solution File, Format Version 12.00
# Visual Studio Version 17
VisualStudioVersion = 17.9.34728.123
MinimumVisualStudioVersion = 10.0.40219.1
Project("{FAE04EC0-301F-11D3-BF4B-00C04F79EFBC}") = "NqmLeson11K22cntt1", "NqmLeson11K22cntt1\NqmLeson11K22cntt1.csproj", "{42E9CF0B-99C3-413F-9952-12CF2F70D492}"
EndProject
Global
	GlobalSection(SolutionConfigurationPlatforms) = preSolution
		Debug|Any CPU = Debug|Any CPU
		Release|Any CPU = Release|Any CPU
	EndGlobalSection
	GlobalSection(ProjectConfigurationPlatforms) = postSolution
		{42E9CF0B-99C3-413F-9952-12CF2F70D492}.Debug|Any CPU.ActiveCfg = Debug|Any CPU
		{42E9CF0B-99C3-413F-9952-12CF2F70D492}.Debug|Any CPU.Build.0 = Debug|Any CPU
		{42E9CF0B-99C3-413F-9952-12CF2F70D492}.Release|Any CPU.ActiveCfg = Release|Any CPU
		{42E9CF0B-99C3-413F-9952-12CF2F70D492}.Release|Any CPU.Build.0 = Release|Any CPU
	EndGlobalSection
	GlobalSection(SolutionProperties) = preSolution
		HideSolutionNode = FALSE
	EndGlobalSection
	GlobalSection(ExtensibilityGlobals) = postSolution
		SolutionGuid = {7E3B1BBB-5594-4AED-A0F0-80523D2D8DDD}
	EndGlobalSection
EndGlobal
